
Microsoft Visual Studio Solution File, Format Version 12.00
# Visual Studio Version 17
VisualStudioVersion = 17.7.34009.444
MinimumVisualStudioVersion = 10.0.40219.1
Project("{FAE04EC0-301F-11D3-BF4B-00C04F79EFBC}") = "delegate ex", "delegate ex\delegate ex.csproj", "{58D059BB-1853-42E9-8DC1-491721728103}"
EndProject
Global
	GlobalSection(SolutionConfigurationPlatforms) = preSolution
		Debug|Any CPU = Debug|Any CPU
		Release|Any CPU = Release|Any CPU
	EndGlobalSection
	GlobalSection(ProjectConfigurationPlatforms) = postSolution
		{58D059BB-1853-42E9-8DC1-491721728103}.Debug|Any CPU.ActiveCfg = Debug|Any CPU
		{58D059BB-1853-42E9-8DC1-491721728103}.Debug|Any CPU.Build.0 = Debug|Any CPU
		{58D059BB-1853-42E9-8DC1-491721728103}.Release|Any CPU.ActiveCfg = Release|Any CPU
		{58D059BB-1853-42E9-8DC1-491721728103}.Release|Any CPU.Build.0 = Release|Any CPU
	EndGlobalSection
	GlobalSection(SolutionProperties) = preSolution
		HideSolutionNode = FALSE
	EndGlobalSection
	GlobalSection(ExtensibilityGlobals) = postSolution
		SolutionGuid = {F0197A5D-865C-4B38-9792-B6F7AC10B5B4}
	EndGlobalSection
EndGlobal
